<?xml version="1.0" encoding="utf-8"?>
<Project ToolsVersion="4.0" xmlns="http://schemas.microsoft.com/developer/msbuild/2003">
  <ItemGroup>
    <ClCompile Include="source\FroncuAgentPlugin.cpp">
      <Filter>FroncuAgentPlugin</Filter>
    </ClCompile>
    <ClCompile Include="source\pch.cpp">
      <Filter>pch</Filter>
    </ClCompile>
    <ClCompile Include="source\entry.cpp" />
  </ItemGroup>
  <ItemGroup>
    <ClInclude Include="source\pch.hpp">
      <Filter>pch</Filter>
    </ClInclude>
    <ClInclude Include="source\FroncuAgentPlugin.hpp">
      <Filter>FroncuAgentPlugin</Filter>
    </ClInclude>
    <ClInclude Include="source\HouseCornerComparator.hpp">
      <Filter>Miscellaneous\HouseCornerComparator</Filter>
    </ClInclude>
    <ClInclude Include="source\HouseCornerHasher.hpp">
      <Filter>Miscellaneous\HouseCornerHasher</Filter>
    </ClInclude>
    <ClInclude Include="source\FSMCondition.hpp">
      <Filter>FSM</Filter>
    </ClInclude>
    <ClInclude Include="source\FSMState.hpp">
      <Filter>FSM</Filter>
    </ClInclude>
    <ClInclude Include="source\FSM.hpp">
      <Filter>FSM</Filter>
    </ClInclude>
  </ItemGroup>
  <ItemGroup>
    <Filter Include="FroncuAgentPlugin">
      <UniqueIdentifier>{5cd00529-cbbe-42b9-9f4c-b15b6e2a5bbf}</UniqueIdentifier>
    </Filter>
    <Filter Include="pch">
      <UniqueIdentifier>{8b1be836-1df7-4fb7-9cc5-0d170282c016}</UniqueIdentifier>
    </Filter>
    <Filter Include="Miscellaneous">
      <UniqueIdentifier>{d7f26b73-5d6d-46e8-997b-17ce44a9176a}</UniqueIdentifier>
    </Filter>
    <Filter Include="Miscellaneous\HouseCornerHasher">
      <UniqueIdentifier>{bd92db12-2eef-4d89-a79d-20ff5eaa382f}</UniqueIdentifier>
    </Filter>
    <Filter Include="Miscellaneous\HouseCornerComparator">
      <UniqueIdentifier>{0b41e3a2-9005-43ff-8f5f-da867cb2820e}</UniqueIdentifier>
    </Filter>
    <Filter Include="FSM">
      <UniqueIdentifier>{39701cc8-e215-473c-81c6-92d3e44571ac}</UniqueIdentifier>
    </Filter>
  </ItemGroup>
</Project>