<?xml version="1.0" encoding="utf-8"?>
<Project ToolsVersion="4.0" xmlns="http://schemas.microsoft.com/developer/msbuild/2003">
  <ItemGroup>
    <ClCompile Include="source\FroncuAgentPlugin.cpp">
      <Filter>FroncuAgentPlugin</Filter>
    </ClCompile>
    <ClCompile Include="source\pch.cpp">
      <Filter>pch</Filter>
    </ClCompile>
    <ClCompile Include="source\entry.cpp" />
    <ClCompile Include="source\IsCloseToHouseCondition.cpp">
      <Filter>FSM\Conditions\IsCloseToHouseCondition</Filter>
    </ClCompile>
    <ClCompile Include="source\ExploringState.cpp">
      <Filter>FSM\States\ExploringState</Filter>
    </ClCompile>
    <ClCompile Include="source\SearchingState.cpp">
      <Filter>FSM\States\SearchingState</Filter>
    </ClCompile>
    <ClCompile Include="source\FSMState.cpp">
      <Filter>FSM\FSMState</Filter>
    </ClCompile>
    <ClCompile Include="source\FSMCondition.cpp">
      <Filter>FSM\FSMCondition</Filter>
    </ClCompile>
  </ItemGroup>
  <ItemGroup>
    <ClInclude Include="source\pch.hpp">
      <Filter>pch</Filter>
    </ClInclude>
    <ClInclude Include="source\FroncuAgentPlugin.hpp">
      <Filter>FroncuAgentPlugin</Filter>
    </ClInclude>
    <ClInclude Include="source\FSM.hpp">
      <Filter>FSM</Filter>
    </ClInclude>
    <ClInclude Include="source\RoundedVectorComparator.hpp">
      <Filter>Miscellaneous</Filter>
    </ClInclude>
    <ClInclude Include="source\RoundedVectorHasher.hpp">
      <Filter>Miscellaneous</Filter>
    </ClInclude>
    <ClInclude Include="source\IsCloseToHouseCondition.hpp">
      <Filter>FSM\Conditions\IsCloseToHouseCondition</Filter>
    </ClInclude>
    <ClInclude Include="source\ExploringState.hpp">
      <Filter>FSM\States\ExploringState</Filter>
    </ClInclude>
    <ClInclude Include="source\SearchingState.hpp">
      <Filter>FSM\States\SearchingState</Filter>
    </ClInclude>
    <ClInclude Include="source\FSMState.hpp">
      <Filter>FSM\FSMState</Filter>
    </ClInclude>
    <ClInclude Include="source\FSMCondition.hpp">
      <Filter>FSM\FSMCondition</Filter>
    </ClInclude>
  </ItemGroup>
  <ItemGroup>
    <Filter Include="FroncuAgentPlugin">
      <UniqueIdentifier>{5cd00529-cbbe-42b9-9f4c-b15b6e2a5bbf}</UniqueIdentifier>
    </Filter>
    <Filter Include="pch">
      <UniqueIdentifier>{8b1be836-1df7-4fb7-9cc5-0d170282c016}</UniqueIdentifier>
    </Filter>
    <Filter Include="Miscellaneous">
      <UniqueIdentifier>{d7f26b73-5d6d-46e8-997b-17ce44a9176a}</UniqueIdentifier>
    </Filter>
    <Filter Include="FSM">
      <UniqueIdentifier>{39701cc8-e215-473c-81c6-92d3e44571ac}</UniqueIdentifier>
    </Filter>
    <Filter Include="FSM\States">
      <UniqueIdentifier>{28205d77-67fe-4e6b-876f-f78997b32bec}</UniqueIdentifier>
    </Filter>
    <Filter Include="FSM\Conditions">
      <UniqueIdentifier>{5f66b3a8-8986-4330-a063-c01d5d0ab023}</UniqueIdentifier>
    </Filter>
    <Filter Include="FSM\Conditions\IsCloseToHouseCondition">
      <UniqueIdentifier>{1a85e93e-3681-4aa7-9f3f-264259ed8d84}</UniqueIdentifier>
    </Filter>
    <Filter Include="FSM\States\SearchingState">
      <UniqueIdentifier>{f68cf897-50f5-4dcd-884f-ec9c75c993f8}</UniqueIdentifier>
    </Filter>
    <Filter Include="FSM\States\ExploringState">
      <UniqueIdentifier>{adbc6b1c-5114-4378-9d00-9884b9fc84a2}</UniqueIdentifier>
    </Filter>
    <Filter Include="FSM\FSMState">
      <UniqueIdentifier>{ffd33e80-e9f4-4161-9562-78060dbdd75e}</UniqueIdentifier>
    </Filter>
    <Filter Include="FSM\FSMCondition">
      <UniqueIdentifier>{62a835ff-2918-4fad-92e4-d8adb9079b4b}</UniqueIdentifier>
    </Filter>
  </ItemGroup>
</Project>